<?xml version="1.0" encoding="utf-8"?>
<Project ToolsVersion="4.0" xmlns="http://schemas.microsoft.com/developer/msbuild/2003">
  <ItemGroup>
    <Filter Include="Undo">
      <UniqueIdentifier>{9558f055-d094-4f8e-8b5e-c0e63e18acc8}</UniqueIdentifier>
    </Filter>
    <Filter Include="Data">
      <UniqueIdentifier>{dcf14996-54aa-447a-9b48-8cb5747c4a83}</UniqueIdentifier>
    </Filter>
    <Filter Include="GUI">
      <UniqueIdentifier>{16da2675-725b-4b4c-832a-00aaec8a3d03}</UniqueIdentifier>
    </Filter>
    <Filter Include="Object">
      <UniqueIdentifier>{a6e8415c-2898-4d99-9eb5-395d1d84a0a3}</UniqueIdentifier>
    </Filter>
    <Filter Include="Timeline">
      <UniqueIdentifier>{915f249b-9211-4c11-b541-aa0439f28ccf}</UniqueIdentifier>
    </Filter>
  </ItemGroup>
  <ItemGroup>
    <ClCompile Include="Undo\trfnActualOperations.cpp">
      <Filter>Undo</Filter>
    </ClCompile>
    <ClCompile Include="Undo\trfnObjectOperation.cpp">
      <Filter>Undo</Filter>
    </ClCompile>
    <ClCompile Include="Undo\trfnOperations.cpp">
      <Filter>Undo</Filter>
    </ClCompile>
    <ClCompile Include="Data\trfnData.cpp">
      <Filter>Data</Filter>
    </ClCompile>
    <ClCompile Include="Data\trfnDocumentChunk.cpp">
      <Filter>Data</Filter>
    </ClCompile>
    <ClCompile Include="Data\trfnDocumentInterest.cpp">
      <Filter>Data</Filter>
    </ClCompile>
    <ClCompile Include="Data\trfnScriptData.cpp">
      <Filter>Data</Filter>
    </ClCompile>
    <ClCompile Include="Data\trfnTransformsDataParser.cpp">
      <Filter>Data</Filter>
    </ClCompile>
    <ClCompile Include="Gui\trfnCommands.cpp">
      <Filter>GUI</Filter>
    </ClCompile>
    <ClCompile Include="GUI\trfnContextMenuInterest.cpp">
      <Filter>GUI</Filter>
    </ClCompile>
    <ClCompile Include="GUI\trfnDialogDataUtil.cpp">
      <Filter>GUI</Filter>
    </ClCompile>
    <ClCompile Include="GUI\trfnDialogInterest.cpp">
      <Filter>GUI</Filter>
    </ClCompile>
    <ClCompile Include="GUI\trfnPython.cpp">
      <Filter>GUI</Filter>
    </ClCompile>
    <ClCompile Include="Object\trfnObjectMgr.cpp">
      <Filter>Object</Filter>
    </ClCompile>
    <ClCompile Include="Object\trfnScriptObject.cpp">
      <Filter>Object</Filter>
    </ClCompile>
    <ClCompile Include="Object\trfnSelectInterest.cpp">
      <Filter>Object</Filter>
    </ClCompile>
    <ClCompile Include="Object\trfnTransformObject.cpp">
      <Filter>Object</Filter>
    </ClCompile>
    <ClCompile Include="Timeline\trfnDriverCreator.cpp">
      <Filter>Timeline</Filter>
    </ClCompile>
    <ClCompile Include="trfnSystem.cpp" />
  </ItemGroup>
  <ItemGroup>
    <ClInclude Include="Undo\trfnActualOperations.hpp">
      <Filter>Undo</Filter>
    </ClInclude>
    <ClInclude Include="Undo\trfnObjectOperation.hpp">
      <Filter>Undo</Filter>
    </ClInclude>
    <ClInclude Include="Undo\trfnOperations.hpp">
      <Filter>Undo</Filter>
    </ClInclude>
    <ClInclude Include="Data\trfnData.hpp">
      <Filter>Data</Filter>
    </ClInclude>
    <ClInclude Include="Data\trfnDocumentChunk.hpp">
      <Filter>Data</Filter>
    </ClInclude>
    <ClInclude Include="Data\trfnDocumentInterest.hpp">
      <Filter>Data</Filter>
    </ClInclude>
    <ClInclude Include="Data\trfnScriptData.hpp">
      <Filter>Data</Filter>
    </ClInclude>
    <ClInclude Include="Data\trfnTransformsDataParser.hpp">
      <Filter>Data</Filter>
    </ClInclude>
    <ClInclude Include="Gui\trfnCommands.hpp">
      <Filter>GUI</Filter>
    </ClInclude>
    <ClInclude Include="GUI\trfnContextMenuInterest.hpp">
      <Filter>GUI</Filter>
    </ClInclude>
    <ClInclude Include="GUI\trfnDialogDataUtil.hpp">
      <Filter>GUI</Filter>
    </ClInclude>
    <ClInclude Include="GUI\trfnDialogInterest.hpp">
      <Filter>GUI</Filter>
    </ClInclude>
    <ClInclude Include="GUI\trfnPython.hpp">
      <Filter>GUI</Filter>
    </ClInclude>
    <ClInclude Include="Object\trfnObjectMgr.hpp">
      <Filter>Object</Filter>
    </ClInclude>
    <ClInclude Include="Object\trfnScriptObject.hpp">
      <Filter>Object</Filter>
    </ClInclude>
    <ClInclude Include="Object\trfnSelectInterest.hpp">
      <Filter>Object</Filter>
    </ClInclude>
    <ClInclude Include="Object\trfnTransformObject.hpp">
      <Filter>Object</Filter>
    </ClInclude>
    <ClInclude Include="Timeline\trfnDriverCreator.hpp">
      <Filter>Timeline</Filter>
    </ClInclude>
    <ClInclude Include="trfnSystem.hpp" />
  </ItemGroup>
</Project>